// !$*UTF8*$!
{
	archiveVersion = 1;
	classes = {
	};
	objectVersion = 46;
	objects = {

/* Begin PBXBuildFile section */
		7D3AB74B1CCC13C800A51EBE /* GoogleURLTests.swift in Sources */ = {isa = PBXBuildFile; fileRef = 7D3AB74A1CCC13C800A51EBE /* GoogleURLTests.swift */; };
		7D3AB74E1CCC143200A51EBE /* GoogleURL.swift in Sources */ = {isa = PBXBuildFile; fileRef = 7D3AB74D1CCC143200A51EBE /* GoogleURL.swift */; };
		7DA517F51CCAA002006817AD /* WebAPI.swift in Sources */ = {isa = PBXBuildFile; fileRef = 7DA517F41CCAA002006817AD /* WebAPI.swift */; };
		7DA517F91CCAA05A006817AD /* GoogleURLShortenerRouter.swift in Sources */ = {isa = PBXBuildFile; fileRef = 7DA517F81CCAA05A006817AD /* GoogleURLShortenerRouter.swift */; };
		7DBDE5A41CCE64A700D9789E /* WebAPIOperations.swift in Sources */ = {isa = PBXBuildFile; fileRef = 7DBDE5A31CCE64A700D9789E /* WebAPIOperations.swift */; };
		7DBDE5A61CCE66BD00D9789E /* WebAPIRouter.swift in Sources */ = {isa = PBXBuildFile; fileRef = 7DBDE5A51CCE66BD00D9789E /* WebAPIRouter.swift */; };
		7DBDE5A81CCE66F600D9789E /* WebAPIResults.swift in Sources */ = {isa = PBXBuildFile; fileRef = 7DBDE5A71CCE66F600D9789E /* WebAPIResults.swift */; };
		7DBDE5AC1CCE7AC900D9789E /* GoogleURLShortener.swift in Sources */ = {isa = PBXBuildFile; fileRef = 7DBDE5AB1CCE7AC900D9789E /* GoogleURLShortener.swift */; };
		7DDB04F01CCC34D000E79FAB /* GoogleURLShortenerRouterTests.swift in Sources */ = {isa = PBXBuildFile; fileRef = 7DDB04EF1CCC34D000E79FAB /* GoogleURLShortenerRouterTests.swift */; };
		7DDB04F51CCC3B4200E79FAB /* WebAPIErrorsTests.swift in Sources */ = {isa = PBXBuildFile; fileRef = 7DDB04F41CCC3B4200E79FAB /* WebAPIErrorsTests.swift */; };
		7DDB04F71CCC3B7100E79FAB /* WebAPIErrors.swift in Sources */ = {isa = PBXBuildFile; fileRef = 7DDB04F61CCC3B7100E79FAB /* WebAPIErrors.swift */; };
		7DDC08D41CCD40F700D71D24 /* GoogleURLShortenerViewControllerTests.swift in Sources */ = {isa = PBXBuildFile; fileRef = 7DDC08D31CCD40F700D71D24 /* GoogleURLShortenerViewControllerTests.swift */; };
		7DDC08D81CCD42A700D71D24 /* GoogleURLShortenerViewController.swift in Sources */ = {isa = PBXBuildFile; fileRef = 7DDC08D71CCD42A700D71D24 /* GoogleURLShortenerViewController.swift */; };
		7DF078CB1CC6AC5B00DC04CF /* AppDelegate.swift in Sources */ = {isa = PBXBuildFile; fileRef = 7DF078CA1CC6AC5B00DC04CF /* AppDelegate.swift */; };
		7DF078D01CC6AC5B00DC04CF /* Main.storyboard in Resources */ = {isa = PBXBuildFile; fileRef = 7DF078CE1CC6AC5B00DC04CF /* Main.storyboard */; };
		7DF078D21CC6AC5B00DC04CF /* Assets.xcassets in Resources */ = {isa = PBXBuildFile; fileRef = 7DF078D11CC6AC5B00DC04CF /* Assets.xcassets */; };
		7DF078D51CC6AC5B00DC04CF /* LaunchScreen.storyboard in Resources */ = {isa = PBXBuildFile; fileRef = 7DF078D31CC6AC5B00DC04CF /* LaunchScreen.storyboard */; };
		7DF078EB1CC6AC5B00DC04CF /* GoogleURLShortenerUITests.swift in Sources */ = {isa = PBXBuildFile; fileRef = 7DF078EA1CC6AC5B00DC04CF /* GoogleURLShortenerUITests.swift */; };
		7DF078F91CC6B0BF00DC04CF /* LICENSE in Resources */ = {isa = PBXBuildFile; fileRef = 7DF078F81CC6B0BF00DC04CF /* LICENSE */; };
		7DF851021CC6BCDD0044384B /* Secrets.plist in Resources */ = {isa = PBXBuildFile; fileRef = 7DF851011CC6BCDD0044384B /* Secrets.plist */; };
		7DF851051CC6CE010044384B /* Secrets.swift in Sources */ = {isa = PBXBuildFile; fileRef = 7DF851041CC6CE010044384B /* Secrets.swift */; };
/* End PBXBuildFile section */

/* Begin PBXContainerItemProxy section */
		7DF078DC1CC6AC5B00DC04CF /* PBXContainerItemProxy */ = {
			isa = PBXContainerItemProxy;
			containerPortal = 7DF078BF1CC6AC5B00DC04CF /* Project object */;
			proxyType = 1;
			remoteGlobalIDString = 7DF078C61CC6AC5B00DC04CF;
			remoteInfo = GoogleURLShortener;
		};
		7DF078E71CC6AC5B00DC04CF /* PBXContainerItemProxy */ = {
			isa = PBXContainerItemProxy;
			containerPortal = 7DF078BF1CC6AC5B00DC04CF /* Project object */;
			proxyType = 1;
			remoteGlobalIDString = 7DF078C61CC6AC5B00DC04CF;
			remoteInfo = GoogleURLShortener;
		};
/* End PBXContainerItemProxy section */

/* Begin PBXFileReference section */
		7D3AB74A1CCC13C800A51EBE /* GoogleURLTests.swift */ = {isa = PBXFileReference; fileEncoding = 4; lastKnownFileType = sourcecode.swift; path = GoogleURLTests.swift; sourceTree = "<group>"; };
		7D3AB74D1CCC143200A51EBE /* GoogleURL.swift */ = {isa = PBXFileReference; fileEncoding = 4; lastKnownFileType = sourcecode.swift; path = GoogleURL.swift; sourceTree = "<group>"; };
		7DA517F41CCAA002006817AD /* WebAPI.swift */ = {isa = PBXFileReference; fileEncoding = 4; lastKnownFileType = sourcecode.swift; path = WebAPI.swift; sourceTree = "<group>"; };
		7DA517F81CCAA05A006817AD /* GoogleURLShortenerRouter.swift */ = {isa = PBXFileReference; fileEncoding = 4; lastKnownFileType = sourcecode.swift; path = GoogleURLShortenerRouter.swift; sourceTree = "<group>"; };
		7DBDE5A31CCE64A700D9789E /* WebAPIOperations.swift */ = {isa = PBXFileReference; fileEncoding = 4; lastKnownFileType = sourcecode.swift; path = WebAPIOperations.swift; sourceTree = "<group>"; };
		7DBDE5A51CCE66BD00D9789E /* WebAPIRouter.swift */ = {isa = PBXFileReference; fileEncoding = 4; lastKnownFileType = sourcecode.swift; path = WebAPIRouter.swift; sourceTree = "<group>"; };
		7DBDE5A71CCE66F600D9789E /* WebAPIResults.swift */ = {isa = PBXFileReference; fileEncoding = 4; lastKnownFileType = sourcecode.swift; path = WebAPIResults.swift; sourceTree = "<group>"; };
		7DBDE5AB1CCE7AC900D9789E /* GoogleURLShortener.swift */ = {isa = PBXFileReference; fileEncoding = 4; lastKnownFileType = sourcecode.swift; path = GoogleURLShortener.swift; sourceTree = "<group>"; };
		7DDB04EF1CCC34D000E79FAB /* GoogleURLShortenerRouterTests.swift */ = {isa = PBXFileReference; fileEncoding = 4; lastKnownFileType = sourcecode.swift; path = GoogleURLShortenerRouterTests.swift; sourceTree = "<group>"; };
		7DDB04F41CCC3B4200E79FAB /* WebAPIErrorsTests.swift */ = {isa = PBXFileReference; fileEncoding = 4; lastKnownFileType = sourcecode.swift; path = WebAPIErrorsTests.swift; sourceTree = "<group>"; };
		7DDB04F61CCC3B7100E79FAB /* WebAPIErrors.swift */ = {isa = PBXFileReference; fileEncoding = 4; lastKnownFileType = sourcecode.swift; path = WebAPIErrors.swift; sourceTree = "<group>"; };
		7DDC08D31CCD40F700D71D24 /* GoogleURLShortenerViewControllerTests.swift */ = {isa = PBXFileReference; fileEncoding = 4; lastKnownFileType = sourcecode.swift; path = GoogleURLShortenerViewControllerTests.swift; sourceTree = "<group>"; };
		7DDC08D71CCD42A700D71D24 /* GoogleURLShortenerViewController.swift */ = {isa = PBXFileReference; fileEncoding = 4; lastKnownFileType = sourcecode.swift; path = GoogleURLShortenerViewController.swift; sourceTree = "<group>"; };
		7DF078C71CC6AC5B00DC04CF /* GoogleURLShortener.app */ = {isa = PBXFileReference; explicitFileType = wrapper.application; includeInIndex = 0; path = GoogleURLShortener.app; sourceTree = BUILT_PRODUCTS_DIR; };
		7DF078CA1CC6AC5B00DC04CF /* AppDelegate.swift */ = {isa = PBXFileReference; lastKnownFileType = sourcecode.swift; path = AppDelegate.swift; sourceTree = "<group>"; };
		7DF078CF1CC6AC5B00DC04CF /* Base */ = {isa = PBXFileReference; lastKnownFileType = file.storyboard; name = Base; path = Base.lproj/Main.storyboard; sourceTree = "<group>"; };
		7DF078D11CC6AC5B00DC04CF /* Assets.xcassets */ = {isa = PBXFileReference; lastKnownFileType = folder.assetcatalog; path = Assets.xcassets; sourceTree = "<group>"; };
		7DF078D41CC6AC5B00DC04CF /* Base */ = {isa = PBXFileReference; lastKnownFileType = file.storyboard; name = Base; path = Base.lproj/LaunchScreen.storyboard; sourceTree = "<group>"; };
		7DF078D61CC6AC5B00DC04CF /* Info.plist */ = {isa = PBXFileReference; lastKnownFileType = text.plist.xml; path = Info.plist; sourceTree = "<group>"; };
		7DF078DB1CC6AC5B00DC04CF /* GoogleURLShortenerTests.xctest */ = {isa = PBXFileReference; explicitFileType = wrapper.cfbundle; includeInIndex = 0; path = GoogleURLShortenerTests.xctest; sourceTree = BUILT_PRODUCTS_DIR; };
		7DF078E11CC6AC5B00DC04CF /* Info.plist */ = {isa = PBXFileReference; lastKnownFileType = text.plist.xml; path = Info.plist; sourceTree = "<group>"; };
		7DF078E61CC6AC5B00DC04CF /* GoogleURLShortenerUITests.xctest */ = {isa = PBXFileReference; explicitFileType = wrapper.cfbundle; includeInIndex = 0; path = GoogleURLShortenerUITests.xctest; sourceTree = BUILT_PRODUCTS_DIR; };
		7DF078EA1CC6AC5B00DC04CF /* GoogleURLShortenerUITests.swift */ = {isa = PBXFileReference; lastKnownFileType = sourcecode.swift; path = GoogleURLShortenerUITests.swift; sourceTree = "<group>"; };
		7DF078EC1CC6AC5B00DC04CF /* Info.plist */ = {isa = PBXFileReference; lastKnownFileType = text.plist.xml; path = Info.plist; sourceTree = "<group>"; };
		7DF078F81CC6B0BF00DC04CF /* LICENSE */ = {isa = PBXFileReference; fileEncoding = 4; lastKnownFileType = text; path = LICENSE; sourceTree = "<group>"; };
		7DF078FC1CC6B97600DC04CF /* README.md */ = {isa = PBXFileReference; fileEncoding = 4; lastKnownFileType = net.daringfireball.markdown; path = README.md; sourceTree = "<group>"; };
		7DF851011CC6BCDD0044384B /* Secrets.plist */ = {isa = PBXFileReference; fileEncoding = 4; lastKnownFileType = text.plist.xml; path = Secrets.plist; sourceTree = "<group>"; };
		7DF851041CC6CE010044384B /* Secrets.swift */ = {isa = PBXFileReference; fileEncoding = 4; lastKnownFileType = sourcecode.swift; path = Secrets.swift; sourceTree = "<group>"; };
/* End PBXFileReference section */

/* Begin PBXFrameworksBuildPhase section */
		7DF078C41CC6AC5B00DC04CF /* Frameworks */ = {
			isa = PBXFrameworksBuildPhase;
			buildActionMask = 2147483647;
			files = (
			);
			runOnlyForDeploymentPostprocessing = 0;
		};
		7DF078D81CC6AC5B00DC04CF /* Frameworks */ = {
			isa = PBXFrameworksBuildPhase;
			buildActionMask = 2147483647;
			files = (
			);
			runOnlyForDeploymentPostprocessing = 0;
		};
		7DF078E31CC6AC5B00DC04CF /* Frameworks */ = {
			isa = PBXFrameworksBuildPhase;
			buildActionMask = 2147483647;
			files = (
			);
			runOnlyForDeploymentPostprocessing = 0;
		};
/* End PBXFrameworksBuildPhase section */

/* Begin PBXGroup section */
		7D3AB7481CCC113000A51EBE /* GoogleURLShortenerRouter */ = {
			isa = PBXGroup;
			children = (
				7DDB04EF1CCC34D000E79FAB /* GoogleURLShortenerRouterTests.swift */,
			);
			name = GoogleURLShortenerRouter;
			sourceTree = "<group>";
		};
		7D3AB7491CCC139100A51EBE /* Model */ = {
			isa = PBXGroup;
			children = (
				7D3AB74A1CCC13C800A51EBE /* GoogleURLTests.swift */,
			);
			name = Model;
			sourceTree = "<group>";
		};
		7D3AB74C1CCC141400A51EBE /* Model */ = {
			isa = PBXGroup;
			children = (
				7D3AB74D1CCC143200A51EBE /* GoogleURL.swift */,
			);
			name = Model;
			sourceTree = "<group>";
		};
		7DA517F31CCA9FE4006817AD /* WebAPI */ = {
			isa = PBXGroup;
			children = (
				7DA517F41CCAA002006817AD /* WebAPI.swift */,
				7DDB04F61CCC3B7100E79FAB /* WebAPIErrors.swift */,
				7DBDE5A31CCE64A700D9789E /* WebAPIOperations.swift */,
				7DBDE5A51CCE66BD00D9789E /* WebAPIRouter.swift */,
				7DBDE5A71CCE66F600D9789E /* WebAPIResults.swift */,
			);
			name = WebAPI;
			sourceTree = "<group>";
		};
		7DA517F71CCAA03B006817AD /* GoogleURLShortenerRouter */ = {
			isa = PBXGroup;
			children = (
				7DBDE5AB1CCE7AC900D9789E /* GoogleURLShortener.swift */,
				7DA517F81CCAA05A006817AD /* GoogleURLShortenerRouter.swift */,
			);
			name = GoogleURLShortenerRouter;
			sourceTree = "<group>";
		};
		7DDB04F11CCC3A3900E79FAB /* WebAPI */ = {
			isa = PBXGroup;
			children = (
				7DDB04F41CCC3B4200E79FAB /* WebAPIErrorsTests.swift */,
			);
			name = WebAPI;
			sourceTree = "<group>";
		};
		7DDC08D11CCD40A900D71D24 /* Controller */ = {
			isa = PBXGroup;
			children = (
				7DDC08D71CCD42A700D71D24 /* GoogleURLShortenerViewController.swift */,
			);
			name = Controller;
			sourceTree = "<group>";
		};
		7DDC08D21CCD40BD00D71D24 /* Controller */ = {
			isa = PBXGroup;
			children = (
				7DDC08D31CCD40F700D71D24 /* GoogleURLShortenerViewControllerTests.swift */,
			);
			name = Controller;
			sourceTree = "<group>";
		};
		7DF078BE1CC6AC5B00DC04CF = {
			isa = PBXGroup;
			children = (
				7DF078FC1CC6B97600DC04CF /* README.md */,
				7DF078F81CC6B0BF00DC04CF /* LICENSE */,
				7DF078C91CC6AC5B00DC04CF /* GoogleURLShortener */,
				7DF078DE1CC6AC5B00DC04CF /* GoogleURLShortenerTests */,
				7DF078E91CC6AC5B00DC04CF /* GoogleURLShortenerUITests */,
				7DF078C81CC6AC5B00DC04CF /* Products */,
			);
			sourceTree = "<group>";
		};
		7DF078C81CC6AC5B00DC04CF /* Products */ = {
			isa = PBXGroup;
			children = (
				7DF078C71CC6AC5B00DC04CF /* GoogleURLShortener.app */,
				7DF078DB1CC6AC5B00DC04CF /* GoogleURLShortenerTests.xctest */,
				7DF078E61CC6AC5B00DC04CF /* GoogleURLShortenerUITests.xctest */,
			);
			name = Products;
			sourceTree = "<group>";
		};
		7DF078C91CC6AC5B00DC04CF /* GoogleURLShortener */ = {
			isa = PBXGroup;
			children = (
				7D3AB74C1CCC141400A51EBE /* Model */,
				7DDC08D11CCD40A900D71D24 /* Controller */,
				7DA517F71CCAA03B006817AD /* GoogleURLShortenerRouter */,
				7DA517F31CCA9FE4006817AD /* WebAPI */,
				7DF851031CC6CDB70044384B /* PropertyLists */,
				7DF078CA1CC6AC5B00DC04CF /* AppDelegate.swift */,
				7DF078CE1CC6AC5B00DC04CF /* Main.storyboard */,
				7DF078D11CC6AC5B00DC04CF /* Assets.xcassets */,
				7DF078D31CC6AC5B00DC04CF /* LaunchScreen.storyboard */,
				7DF078D61CC6AC5B00DC04CF /* Info.plist */,
				7DF851011CC6BCDD0044384B /* Secrets.plist */,
			);
			path = GoogleURLShortener;
			sourceTree = "<group>";
		};
		7DF078DE1CC6AC5B00DC04CF /* GoogleURLShortenerTests */ = {
			isa = PBXGroup;
			children = (
				7DDC08D21CCD40BD00D71D24 /* Controller */,
				7D3AB7491CCC139100A51EBE /* Model */,
				7D3AB7481CCC113000A51EBE /* GoogleURLShortenerRouter */,
				7DDB04F11CCC3A3900E79FAB /* WebAPI */,
				7DF078E11CC6AC5B00DC04CF /* Info.plist */,
			);
			path = GoogleURLShortenerTests;
			sourceTree = "<group>";
		};
		7DF078E91CC6AC5B00DC04CF /* GoogleURLShortenerUITests */ = {
			isa = PBXGroup;
			children = (
				7DF078EA1CC6AC5B00DC04CF /* GoogleURLShortenerUITests.swift */,
				7DF078EC1CC6AC5B00DC04CF /* Info.plist */,
			);
			path = GoogleURLShortenerUITests;
			sourceTree = "<group>";
		};
		7DF851031CC6CDB70044384B /* PropertyLists */ = {
			isa = PBXGroup;
			children = (
				7DF851041CC6CE010044384B /* Secrets.swift */,
			);
			name = PropertyLists;
			sourceTree = "<group>";
		};
/* End PBXGroup section */

/* Begin PBXNativeTarget section */
		7DF078C61CC6AC5B00DC04CF /* GoogleURLShortener */ = {
			isa = PBXNativeTarget;
			buildConfigurationList = 7DF078EF1CC6AC5B00DC04CF /* Build configuration list for PBXNativeTarget "GoogleURLShortener" */;
			buildPhases = (
				7DF078C31CC6AC5B00DC04CF /* Sources */,
				7DF078C41CC6AC5B00DC04CF /* Frameworks */,
				7DF078C51CC6AC5B00DC04CF /* Resources */,
			);
			buildRules = (
			);
			dependencies = (
			);
			name = GoogleURLShortener;
			productName = GoogleURLShortener;
			productReference = 7DF078C71CC6AC5B00DC04CF /* GoogleURLShortener.app */;
			productType = "com.apple.product-type.application";
		};
		7DF078DA1CC6AC5B00DC04CF /* GoogleURLShortenerTests */ = {
			isa = PBXNativeTarget;
			buildConfigurationList = 7DF078F21CC6AC5B00DC04CF /* Build configuration list for PBXNativeTarget "GoogleURLShortenerTests" */;
			buildPhases = (
				7DF078D71CC6AC5B00DC04CF /* Sources */,
				7DF078D81CC6AC5B00DC04CF /* Frameworks */,
				7DF078D91CC6AC5B00DC04CF /* Resources */,
			);
			buildRules = (
			);
			dependencies = (
				7DF078DD1CC6AC5B00DC04CF /* PBXTargetDependency */,
			);
			name = GoogleURLShortenerTests;
			productName = GoogleURLShortenerTests;
			productReference = 7DF078DB1CC6AC5B00DC04CF /* GoogleURLShortenerTests.xctest */;
			productType = "com.apple.product-type.bundle.unit-test";
		};
		7DF078E51CC6AC5B00DC04CF /* GoogleURLShortenerUITests */ = {
			isa = PBXNativeTarget;
			buildConfigurationList = 7DF078F51CC6AC5B00DC04CF /* Build configuration list for PBXNativeTarget "GoogleURLShortenerUITests" */;
			buildPhases = (
				7DF078E21CC6AC5B00DC04CF /* Sources */,
				7DF078E31CC6AC5B00DC04CF /* Frameworks */,
				7DF078E41CC6AC5B00DC04CF /* Resources */,
			);
			buildRules = (
			);
			dependencies = (
				7DF078E81CC6AC5B00DC04CF /* PBXTargetDependency */,
			);
			name = GoogleURLShortenerUITests;
			productName = GoogleURLShortenerUITests;
			productReference = 7DF078E61CC6AC5B00DC04CF /* GoogleURLShortenerUITests.xctest */;
			productType = "com.apple.product-type.bundle.ui-testing";
		};
/* End PBXNativeTarget section */

/* Begin PBXProject section */
		7DF078BF1CC6AC5B00DC04CF /* Project object */ = {
			isa = PBXProject;
			attributes = {
				CLASSPREFIX = SPZ;
				LastSwiftUpdateCheck = 0730;
				LastUpgradeCheck = 0730;
				ORGANIZATIONNAME = "Spazstik Software";
				TargetAttributes = {
					7DF078C61CC6AC5B00DC04CF = {
						CreatedOnToolsVersion = 7.3;
					};
					7DF078DA1CC6AC5B00DC04CF = {
						CreatedOnToolsVersion = 7.3;
						TestTargetID = 7DF078C61CC6AC5B00DC04CF;
					};
					7DF078E51CC6AC5B00DC04CF = {
						CreatedOnToolsVersion = 7.3;
						TestTargetID = 7DF078C61CC6AC5B00DC04CF;
					};
				};
			};
			buildConfigurationList = 7DF078C21CC6AC5B00DC04CF /* Build configuration list for PBXProject "GoogleURLShortener" */;
			compatibilityVersion = "Xcode 3.2";
			developmentRegion = English;
			hasScannedForEncodings = 0;
			knownRegions = (
				en,
				Base,
			);
			mainGroup = 7DF078BE1CC6AC5B00DC04CF;
			productRefGroup = 7DF078C81CC6AC5B00DC04CF /* Products */;
			projectDirPath = "";
			projectRoot = "";
			targets = (
				7DF078C61CC6AC5B00DC04CF /* GoogleURLShortener */,
				7DF078DA1CC6AC5B00DC04CF /* GoogleURLShortenerTests */,
				7DF078E51CC6AC5B00DC04CF /* GoogleURLShortenerUITests */,
			);
		};
/* End PBXProject section */

/* Begin PBXResourcesBuildPhase section */
		7DF078C51CC6AC5B00DC04CF /* Resources */ = {
			isa = PBXResourcesBuildPhase;
			buildActionMask = 2147483647;
			files = (
				7DF078D51CC6AC5B00DC04CF /* LaunchScreen.storyboard in Resources */,
				7DF851021CC6BCDD0044384B /* Secrets.plist in Resources */,
				7DF078D21CC6AC5B00DC04CF /* Assets.xcassets in Resources */,
				7DF078F91CC6B0BF00DC04CF /* LICENSE in Resources */,
				7DF078D01CC6AC5B00DC04CF /* Main.storyboard in Resources */,
			);
			runOnlyForDeploymentPostprocessing = 0;
		};
		7DF078D91CC6AC5B00DC04CF /* Resources */ = {
			isa = PBXResourcesBuildPhase;
			buildActionMask = 2147483647;
			files = (
			);
			runOnlyForDeploymentPostprocessing = 0;
		};
		7DF078E41CC6AC5B00DC04CF /* Resources */ = {
			isa = PBXResourcesBuildPhase;
			buildActionMask = 2147483647;
			files = (
			);
			runOnlyForDeploymentPostprocessing = 0;
		};
/* End PBXResourcesBuildPhase section */

/* Begin PBXSourcesBuildPhase section */
		7DF078C31CC6AC5B00DC04CF /* Sources */ = {
			isa = PBXSourcesBuildPhase;
			buildActionMask = 2147483647;
			files = (
				7DBDE5A81CCE66F600D9789E /* WebAPIResults.swift in Sources */,
				7DA517F91CCAA05A006817AD /* GoogleURLShortenerRouter.swift in Sources */,
				7DDC08D81CCD42A700D71D24 /* GoogleURLShortenerViewController.swift in Sources */,
				7DF851051CC6CE010044384B /* Secrets.swift in Sources */,
				7DF078CB1CC6AC5B00DC04CF /* AppDelegate.swift in Sources */,
				7DA517F51CCAA002006817AD /* WebAPI.swift in Sources */,
				7DBDE5A41CCE64A700D9789E /* WebAPIOperations.swift in Sources */,
				7DDB04F71CCC3B7100E79FAB /* WebAPIErrors.swift in Sources */,
				7DBDE5AC1CCE7AC900D9789E /* GoogleURLShortener.swift in Sources */,
				7DBDE5A61CCE66BD00D9789E /* WebAPIRouter.swift in Sources */,
				7D3AB74E1CCC143200A51EBE /* GoogleURL.swift in Sources */,
			);
			runOnlyForDeploymentPostprocessing = 0;
		};
		7DF078D71CC6AC5B00DC04CF /* Sources */ = {
			isa = PBXSourcesBuildPhase;
			buildActionMask = 2147483647;
			files = (
				7DDB04F01CCC34D000E79FAB /* GoogleURLShortenerRouterTests.swift in Sources */,
				7DDB04F51CCC3B4200E79FAB /* WebAPIErrorsTests.swift in Sources */,
				7DDC08D41CCD40F700D71D24 /* GoogleURLShortenerViewControllerTests.swift in Sources */,
				7D3AB74B1CCC13C800A51EBE /* GoogleURLTests.swift in Sources */,
			);
			runOnlyForDeploymentPostprocessing = 0;
		};
		7DF078E21CC6AC5B00DC04CF /* Sources */ = {
			isa = PBXSourcesBuildPhase;
			buildActionMask = 2147483647;
			files = (
				7DF078EB1CC6AC5B00DC04CF /* GoogleURLShortenerUITests.swift in Sources */,
			);
			runOnlyForDeploymentPostprocessing = 0;
		};
/* End PBXSourcesBuildPhase section */

/* Begin PBXTargetDependency section */
		7DF078DD1CC6AC5B00DC04CF /* PBXTargetDependency */ = {
			isa = PBXTargetDependency;
			target = 7DF078C61CC6AC5B00DC04CF /* GoogleURLShortener */;
			targetProxy = 7DF078DC1CC6AC5B00DC04CF /* PBXContainerItemProxy */;
		};
		7DF078E81CC6AC5B00DC04CF /* PBXTargetDependency */ = {
			isa = PBXTargetDependency;
			target = 7DF078C61CC6AC5B00DC04CF /* GoogleURLShortener */;
			targetProxy = 7DF078E71CC6AC5B00DC04CF /* PBXContainerItemProxy */;
		};
/* End PBXTargetDependency section */

/* Begin PBXVariantGroup section */
		7DF078CE1CC6AC5B00DC04CF /* Main.storyboard */ = {
			isa = PBXVariantGroup;
			children = (
				7DF078CF1CC6AC5B00DC04CF /* Base */,
			);
			name = Main.storyboard;
			sourceTree = "<group>";
		};
		7DF078D31CC6AC5B00DC04CF /* LaunchScreen.storyboard */ = {
			isa = PBXVariantGroup;
			children = (
				7DF078D41CC6AC5B00DC04CF /* Base */,
			);
			name = LaunchScreen.storyboard;
			sourceTree = "<group>";
		};
/* End PBXVariantGroup section */

/* Begin XCBuildConfiguration section */
		7DF078ED1CC6AC5B00DC04CF /* Debug */ = {
			isa = XCBuildConfiguration;
			buildSettings = {
				ALWAYS_SEARCH_USER_PATHS = NO;
				CLANG_ANALYZER_NONNULL = YES;
				CLANG_CXX_LANGUAGE_STANDARD = "gnu++0x";
				CLANG_CXX_LIBRARY = "libc++";
				CLANG_ENABLE_MODULES = YES;
				CLANG_ENABLE_OBJC_ARC = YES;
				CLANG_WARN_BOOL_CONVERSION = YES;
				CLANG_WARN_CONSTANT_CONVERSION = YES;
				CLANG_WARN_DIRECT_OBJC_ISA_USAGE = YES_ERROR;
				CLANG_WARN_EMPTY_BODY = YES;
				CLANG_WARN_ENUM_CONVERSION = YES;
				CLANG_WARN_INT_CONVERSION = YES;
				CLANG_WARN_OBJC_ROOT_CLASS = YES_ERROR;
				CLANG_WARN_UNREACHABLE_CODE = YES;
				CLANG_WARN__DUPLICATE_METHOD_MATCH = YES;
				"CODE_SIGN_IDENTITY[sdk=iphoneos*]" = "iPhone Developer";
				COPY_PHASE_STRIP = NO;
				DEBUG_INFORMATION_FORMAT = dwarf;
				ENABLE_STRICT_OBJC_MSGSEND = YES;
				ENABLE_TESTABILITY = YES;
				GCC_C_LANGUAGE_STANDARD = gnu99;
				GCC_DYNAMIC_NO_PIC = NO;
				GCC_NO_COMMON_BLOCKS = YES;
				GCC_OPTIMIZATION_LEVEL = 0;
				GCC_PREPROCESSOR_DEFINITIONS = (
					"DEBUG=1",
					"$(inherited)",
				);
				GCC_WARN_64_TO_32_BIT_CONVERSION = YES;
				GCC_WARN_ABOUT_RETURN_TYPE = YES_ERROR;
				GCC_WARN_UNDECLARED_SELECTOR = YES;
				GCC_WARN_UNINITIALIZED_AUTOS = YES_AGGRESSIVE;
				GCC_WARN_UNUSED_FUNCTION = YES;
				GCC_WARN_UNUSED_VARIABLE = YES;
				IPHONEOS_DEPLOYMENT_TARGET = 9.3;
				MTL_ENABLE_DEBUG_INFO = YES;
				ONLY_ACTIVE_ARCH = YES;
				SDKROOT = iphoneos;
				SWIFT_OPTIMIZATION_LEVEL = "-Onone";
			};
			name = Debug;
		};
		7DF078EE1CC6AC5B00DC04CF /* Release */ = {
			isa = XCBuildConfiguration;
			buildSettings = {
				ALWAYS_SEARCH_USER_PATHS = NO;
				CLANG_ANALYZER_NONNULL = YES;
				CLANG_CXX_LANGUAGE_STANDARD = "gnu++0x";
				CLANG_CXX_LIBRARY = "libc++";
				CLANG_ENABLE_MODULES = YES;
				CLANG_ENABLE_OBJC_ARC = YES;
				CLANG_WARN_BOOL_CONVERSION = YES;
				CLANG_WARN_CONSTANT_CONVERSION = YES;
				CLANG_WARN_DIRECT_OBJC_ISA_USAGE = YES_ERROR;
				CLANG_WARN_EMPTY_BODY = YES;
				CLANG_WARN_ENUM_CONVERSION = YES;
				CLANG_WARN_INT_CONVERSION = YES;
				CLANG_WARN_OBJC_ROOT_CLASS = YES_ERROR;
				CLANG_WARN_UNREACHABLE_CODE = YES;
				CLANG_WARN__DUPLICATE_METHOD_MATCH = YES;
				"CODE_SIGN_IDENTITY[sdk=iphoneos*]" = "iPhone Developer";
				COPY_PHASE_STRIP = NO;
				DEBUG_INFORMATION_FORMAT = "dwarf-with-dsym";
				ENABLE_NS_ASSERTIONS = NO;
				ENABLE_STRICT_OBJC_MSGSEND = YES;
				GCC_C_LANGUAGE_STANDARD = gnu99;
				GCC_NO_COMMON_BLOCKS = YES;
				GCC_WARN_64_TO_32_BIT_CONVERSION = YES;
				GCC_WARN_ABOUT_RETURN_TYPE = YES_ERROR;
				GCC_WARN_UNDECLARED_SELECTOR = YES;
				GCC_WARN_UNINITIALIZED_AUTOS = YES_AGGRESSIVE;
				GCC_WARN_UNUSED_FUNCTION = YES;
				GCC_WARN_UNUSED_VARIABLE = YES;
				IPHONEOS_DEPLOYMENT_TARGET = 9.3;
				MTL_ENABLE_DEBUG_INFO = NO;
				SDKROOT = iphoneos;
				VALIDATE_PRODUCT = YES;
			};
			name = Release;
		};
		7DF078F01CC6AC5B00DC04CF /* Debug */ = {
			isa = XCBuildConfiguration;
			buildSettings = {
				ASSETCATALOG_COMPILER_APPICON_NAME = AppIcon;
				INFOPLIST_FILE = GoogleURLShortener/Info.plist;
				LD_RUNPATH_SEARCH_PATHS = "$(inherited) @executable_path/Frameworks";
				PRODUCT_BUNDLE_IDENTIFIER = com.spazsoft.ios.tutorials.GoogleURLShortener;
				PRODUCT_NAME = "$(TARGET_NAME)";
			};
			name = Debug;
		};
		7DF078F11CC6AC5B00DC04CF /* Release */ = {
			isa = XCBuildConfiguration;
			buildSettings = {
				ASSETCATALOG_COMPILER_APPICON_NAME = AppIcon;
				INFOPLIST_FILE = GoogleURLShortener/Info.plist;
				LD_RUNPATH_SEARCH_PATHS = "$(inherited) @executable_path/Frameworks";
				PRODUCT_BUNDLE_IDENTIFIER = com.spazsoft.ios.tutorials.GoogleURLShortener;
				PRODUCT_NAME = "$(TARGET_NAME)";
			};
			name = Release;
		};
		7DF078F31CC6AC5B00DC04CF /* Debug */ = {
			isa = XCBuildConfiguration;
			buildSettings = {
				BUNDLE_LOADER = "$(TEST_HOST)";
				INFOPLIST_FILE = GoogleURLShortenerTests/Info.plist;
				LD_RUNPATH_SEARCH_PATHS = "$(inherited) @executable_path/Frameworks @loader_path/Frameworks";
				PRODUCT_BUNDLE_IDENTIFIER = com.spazsoft.ios.tutorials.GoogleURLShortenerTests;
				PRODUCT_NAME = "$(TARGET_NAME)";
				TEST_HOST = "$(BUILT_PRODUCTS_DIR)/GoogleURLShortener.app/GoogleURLShortener";
			};
			name = Debug;
		};
		7DF078F41CC6AC5B00DC04CF /* Release */ = {
			isa = XCBuildConfiguration;
			buildSettings = {
				BUNDLE_LOADER = "$(TEST_HOST)";
				INFOPLIST_FILE = GoogleURLShortenerTests/Info.plist;
				LD_RUNPATH_SEARCH_PATHS = "$(inherited) @executable_path/Frameworks @loader_path/Frameworks";
				PRODUCT_BUNDLE_IDENTIFIER = com.spazsoft.ios.tutorials.GoogleURLShortenerTests;
				PRODUCT_NAME = "$(TARGET_NAME)";
				TEST_HOST = "$(BUILT_PRODUCTS_DIR)/GoogleURLShortener.app/GoogleURLShortener";
			};
			name = Release;
		};
		7DF078F61CC6AC5B00DC04CF /* Debug */ = {
			isa = XCBuildConfiguration;
			buildSettings = {
				INFOPLIST_FILE = GoogleURLShortenerUITests/Info.plist;
				LD_RUNPATH_SEARCH_PATHS = "$(inherited) @executable_path/Frameworks @loader_path/Frameworks";
				PRODUCT_BUNDLE_IDENTIFIER = com.spazsoft.ios.tutorials.GoogleURLShortenerUITests;
				PRODUCT_NAME = "$(TARGET_NAME)";
				TEST_TARGET_NAME = GoogleURLShortener;
			};
			name = Debug;
		};
		7DF078F71CC6AC5B00DC04CF /* Release */ = {
			isa = XCBuildConfiguration;
			buildSettings = {
				INFOPLIST_FILE = GoogleURLShortenerUITests/Info.plist;
				LD_RUNPATH_SEARCH_PATHS = "$(inherited) @executable_path/Frameworks @loader_path/Frameworks";
				PRODUCT_BUNDLE_IDENTIFIER = com.spazsoft.ios.tutorials.GoogleURLShortenerUITests;
				PRODUCT_NAME = "$(TARGET_NAME)";
				TEST_TARGET_NAME = GoogleURLShortener;
			};
			name = Release;
		};
/* End XCBuildConfiguration section */

/* Begin XCConfigurationList section */
		7DF078C21CC6AC5B00DC04CF /* Build configuration list for PBXProject "GoogleURLShortener" */ = {
			isa = XCConfigurationList;
			buildConfigurations = (
				7DF078ED1CC6AC5B00DC04CF /* Debug */,
				7DF078EE1CC6AC5B00DC04CF /* Release */,
			);
			defaultConfigurationIsVisible = 0;
			defaultConfigurationName = Release;
		};
		7DF078EF1CC6AC5B00DC04CF /* Build configuration list for PBXNativeTarget "GoogleURLShortener" */ = {
			isa = XCConfigurationList;
			buildConfigurations = (
				7DF078F01CC6AC5B00DC04CF /* Debug */,
				7DF078F11CC6AC5B00DC04CF /* Release */,
			);
			defaultConfigurationIsVisible = 0;
			defaultConfigurationName = Release;
		};
		7DF078F21CC6AC5B00DC04CF /* Build configuration list for PBXNativeTarget "GoogleURLShortenerTests" */ = {
			isa = XCConfigurationList;
			buildConfigurations = (
				7DF078F31CC6AC5B00DC04CF /* Debug */,
				7DF078F41CC6AC5B00DC04CF /* Release */,
			);
			defaultConfigurationIsVisible = 0;
			defaultConfigurationName = Release;
		};
		7DF078F51CC6AC5B00DC04CF /* Build configuration list for PBXNativeTarget "GoogleURLShortenerUITests" */ = {
			isa = XCConfigurationList;
			buildConfigurations = (
				7DF078F61CC6AC5B00DC04CF /* Debug */,
				7DF078F71CC6AC5B00DC04CF /* Release */,
			);
			defaultConfigurationIsVisible = 0;
			defaultConfigurationName = Release;
		};
/* End XCConfigurationList section */
	};
	rootObject = 7DF078BF1CC6AC5B00DC04CF /* Project object */;
}
